
Microsoft Visual Studio Solution File, Format Version 12.00
# Visual Studio Version 17
VisualStudioVersion = 17.2.32630.192
MinimumVisualStudioVersion = 10.0.40219.1
Project("{FAE04EC0-301F-11D3-BF4B-00C04F79EFBC}") = "6.7DiscosPract1", "6.7DiscosPract1\6.7DiscosPract1.csproj", "{DB25AEB4-0631-4B52-9AAC-CA104568949C}"
EndProject
Project("{FAE04EC0-301F-11D3-BF4B-00C04F79EFBC}") = "dominio", "dominio\dominio.csproj", "{14EAC9B0-2149-4043-8FAE-8451F21BC692}"
EndProject
Project("{FAE04EC0-301F-11D3-BF4B-00C04F79EFBC}") = "negocio", "negocio\negocio.csproj", "{4807AB9F-FAA1-4255-A92C-796D091C5521}"
EndProject
Global
	GlobalSection(SolutionConfigurationPlatforms) = preSolution
		Debug|Any CPU = Debug|Any CPU
		Debug|x86 = Debug|x86
		Release|Any CPU = Release|Any CPU
		Release|x86 = Release|x86
	EndGlobalSection
	GlobalSection(ProjectConfigurationPlatforms) = postSolution
		{DB25AEB4-0631-4B52-9AAC-CA104568949C}.Debug|Any CPU.ActiveCfg = Debug|Any CPU
		{DB25AEB4-0631-4B52-9AAC-CA104568949C}.Debug|Any CPU.Build.0 = Debug|Any CPU
		{DB25AEB4-0631-4B52-9AAC-CA104568949C}.Debug|x86.ActiveCfg = Debug|Any CPU
		{DB25AEB4-0631-4B52-9AAC-CA104568949C}.Debug|x86.Build.0 = Debug|Any CPU
		{DB25AEB4-0631-4B52-9AAC-CA104568949C}.Release|Any CPU.ActiveCfg = Release|Any CPU
		{DB25AEB4-0631-4B52-9AAC-CA104568949C}.Release|Any CPU.Build.0 = Release|Any CPU
		{DB25AEB4-0631-4B52-9AAC-CA104568949C}.Release|x86.ActiveCfg = Release|Any CPU
		{DB25AEB4-0631-4B52-9AAC-CA104568949C}.Release|x86.Build.0 = Release|Any CPU
		{14EAC9B0-2149-4043-8FAE-8451F21BC692}.Debug|Any CPU.ActiveCfg = Debug|Any CPU
		{14EAC9B0-2149-4043-8FAE-8451F21BC692}.Debug|Any CPU.Build.0 = Debug|Any CPU
		{14EAC9B0-2149-4043-8FAE-8451F21BC692}.Debug|x86.ActiveCfg = Debug|Any CPU
		{14EAC9B0-2149-4043-8FAE-8451F21BC692}.Debug|x86.Build.0 = Debug|Any CPU
		{14EAC9B0-2149-4043-8FAE-8451F21BC692}.Release|Any CPU.ActiveCfg = Release|Any CPU
		{14EAC9B0-2149-4043-8FAE-8451F21BC692}.Release|Any CPU.Build.0 = Release|Any CPU
		{14EAC9B0-2149-4043-8FAE-8451F21BC692}.Release|x86.ActiveCfg = Release|Any CPU
		{14EAC9B0-2149-4043-8FAE-8451F21BC692}.Release|x86.Build.0 = Release|Any CPU
		{4807AB9F-FAA1-4255-A92C-796D091C5521}.Debug|Any CPU.ActiveCfg = Debug|Any CPU
		{4807AB9F-FAA1-4255-A92C-796D091C5521}.Debug|Any CPU.Build.0 = Debug|Any CPU
		{4807AB9F-FAA1-4255-A92C-796D091C5521}.Debug|x86.ActiveCfg = Debug|Any CPU
		{4807AB9F-FAA1-4255-A92C-796D091C5521}.Debug|x86.Build.0 = Debug|Any CPU
		{4807AB9F-FAA1-4255-A92C-796D091C5521}.Release|Any CPU.ActiveCfg = Release|Any CPU
		{4807AB9F-FAA1-4255-A92C-796D091C5521}.Release|Any CPU.Build.0 = Release|Any CPU
		{4807AB9F-FAA1-4255-A92C-796D091C5521}.Release|x86.ActiveCfg = Release|Any CPU
		{4807AB9F-FAA1-4255-A92C-796D091C5521}.Release|x86.Build.0 = Release|Any CPU
	EndGlobalSection
	GlobalSection(SolutionProperties) = preSolution
		HideSolutionNode = FALSE
	EndGlobalSection
	GlobalSection(ExtensibilityGlobals) = postSolution
		SolutionGuid = {3BEE3B63-C876-4947-8BA3-3C0824FABA7E}
	EndGlobalSection
EndGlobal
